
Microsoft Visual Studio Solution File, Format Version 12.00
# Visual Studio Version 17
VisualStudioVersion = 17.1.32210.238
MinimumVisualStudioVersion = 10.0.40219.1
Project("{9A19103F-16F7-4668-BE54-9A1E7A4F7556}") = "AppFunction", "AppFunction\AppFunction.csproj", "{928C0AC5-299D-42E5-8D52-080140C97D6C}"
EndProject
Project("{9A19103F-16F7-4668-BE54-9A1E7A4F7556}") = "YamlTranslator", "YamlTranslator\YamlTranslator.csproj", "{6733E7A5-C81C-4A06-8419-7201D0CB843D}"
EndProject
Project("{FAE04EC0-301F-11D3-BF4B-00C04F79EFBC}") = "2048Game", "2048Game\2048Game.csproj", "{9A4065C5-92DC-48E8-8CC3-24820D8EB6A4}"
EndProject
Global
	GlobalSection(SolutionConfigurationPlatforms) = preSolution
		Debug|Any CPU = Debug|Any CPU
		Release|Any CPU = Release|Any CPU
	EndGlobalSection
	GlobalSection(ProjectConfigurationPlatforms) = postSolution
		{928C0AC5-299D-42E5-8D52-080140C97D6C}.Debug|Any CPU.ActiveCfg = Debug|Any CPU
		{928C0AC5-299D-42E5-8D52-080140C97D6C}.Debug|Any CPU.Build.0 = Debug|Any CPU
		{928C0AC5-299D-42E5-8D52-080140C97D6C}.Release|Any CPU.ActiveCfg = Release|Any CPU
		{928C0AC5-299D-42E5-8D52-080140C97D6C}.Release|Any CPU.Build.0 = Release|Any CPU
		{6733E7A5-C81C-4A06-8419-7201D0CB843D}.Debug|Any CPU.ActiveCfg = Debug|Any CPU
		{6733E7A5-C81C-4A06-8419-7201D0CB843D}.Debug|Any CPU.Build.0 = Debug|Any CPU
		{6733E7A5-C81C-4A06-8419-7201D0CB843D}.Release|Any CPU.ActiveCfg = Release|Any CPU
		{6733E7A5-C81C-4A06-8419-7201D0CB843D}.Release|Any CPU.Build.0 = Release|Any CPU
		{9A4065C5-92DC-48E8-8CC3-24820D8EB6A4}.Debug|Any CPU.ActiveCfg = Debug|Any CPU
		{9A4065C5-92DC-48E8-8CC3-24820D8EB6A4}.Debug|Any CPU.Build.0 = Debug|Any CPU
		{9A4065C5-92DC-48E8-8CC3-24820D8EB6A4}.Release|Any CPU.ActiveCfg = Release|Any CPU
		{9A4065C5-92DC-48E8-8CC3-24820D8EB6A4}.Release|Any CPU.Build.0 = Release|Any CPU
	EndGlobalSection
	GlobalSection(SolutionProperties) = preSolution
		HideSolutionNode = FALSE
	EndGlobalSection
	GlobalSection(ExtensibilityGlobals) = postSolution
		SolutionGuid = {E998EA3D-45AC-4574-B8BA-013869DC954D}
	EndGlobalSection
EndGlobal
