
Microsoft Visual Studio Solution File, Format Version 12.00
# Visual Studio Version 17
VisualStudioVersion = 17.1.32210.238
MinimumVisualStudioVersion = 10.0.40219.1
Project("{9A19103F-16F7-4668-BE54-9A1E7A4F7556}") = "AzureSample", "AzureSample\AzureSample.csproj", "{8A0B795F-CA46-48F6-A543-6751F9A217BB}"
EndProject
Project("{9A19103F-16F7-4668-BE54-9A1E7A4F7556}") = "Fluent", "Fluent\Fluent.csproj", "{D65885BE-E797-465E-81ED-8A4D58DC43A9}"
EndProject
Project("{9A19103F-16F7-4668-BE54-9A1E7A4F7556}") = "Track1", "Track1\Track1.csproj", "{E7AEBB41-523D-4666-9DCF-5C7844547387}"
EndProject
Project("{9A19103F-16F7-4668-BE54-9A1E7A4F7556}") = "Track2", "Track2\Track2.csproj", "{4031A33D-753E-4387-A01C-C95D5D06F8C6}"
EndProject
Project("{9A19103F-16F7-4668-BE54-9A1E7A4F7556}") = "AzureWebApp", "AzureWebApp\AzureWebApp.csproj", "{B347A8A8-47F7-4145-B435-BD86C30A4422}"
EndProject
Project("{9A19103F-16F7-4668-BE54-9A1E7A4F7556}") = "CommenUtilities", "CommenUtilities\CommenUtilities.csproj", "{56888ABB-B01A-42CE-95F0-39F42521C575}"
EndProject
Project("{9A19103F-16F7-4668-BE54-9A1E7A4F7556}") = "AutomationSample", "AutomationSample\AutomationSample.csproj", "{177EE315-4D74-4CE0-88FC-374109C5F89B}"
EndProject
Project("{9A19103F-16F7-4668-BE54-9A1E7A4F7556}") = "RestClientRuntime", "RestClientRuntime\RestClientRuntime.csproj", "{CA7110BC-C07D-43DA-A466-4D346C52C6C3}"
EndProject
Project("{9A19103F-16F7-4668-BE54-9A1E7A4F7556}") = "Azure.ResourceManager.HDInsight", "..\..\..\azure-sdk-for-net\sdk\hdinsight\Azure.ResourceManager.HDInsight\src\Azure.ResourceManager.HDInsight.csproj", "{E3341FA2-7CC7-4781-B9C0-66874FECD7BA}"
EndProject
Global
	GlobalSection(SolutionConfigurationPlatforms) = preSolution
		Debug|Any CPU = Debug|Any CPU
		Release|Any CPU = Release|Any CPU
	EndGlobalSection
	GlobalSection(ProjectConfigurationPlatforms) = postSolution
		{8A0B795F-CA46-48F6-A543-6751F9A217BB}.Debug|Any CPU.ActiveCfg = Debug|Any CPU
		{8A0B795F-CA46-48F6-A543-6751F9A217BB}.Debug|Any CPU.Build.0 = Debug|Any CPU
		{8A0B795F-CA46-48F6-A543-6751F9A217BB}.Release|Any CPU.ActiveCfg = Release|Any CPU
		{8A0B795F-CA46-48F6-A543-6751F9A217BB}.Release|Any CPU.Build.0 = Release|Any CPU
		{D65885BE-E797-465E-81ED-8A4D58DC43A9}.Debug|Any CPU.ActiveCfg = Debug|Any CPU
		{D65885BE-E797-465E-81ED-8A4D58DC43A9}.Debug|Any CPU.Build.0 = Debug|Any CPU
		{D65885BE-E797-465E-81ED-8A4D58DC43A9}.Release|Any CPU.ActiveCfg = Release|Any CPU
		{D65885BE-E797-465E-81ED-8A4D58DC43A9}.Release|Any CPU.Build.0 = Release|Any CPU
		{E7AEBB41-523D-4666-9DCF-5C7844547387}.Debug|Any CPU.ActiveCfg = Debug|Any CPU
		{E7AEBB41-523D-4666-9DCF-5C7844547387}.Debug|Any CPU.Build.0 = Debug|Any CPU
		{E7AEBB41-523D-4666-9DCF-5C7844547387}.Release|Any CPU.ActiveCfg = Release|Any CPU
		{E7AEBB41-523D-4666-9DCF-5C7844547387}.Release|Any CPU.Build.0 = Release|Any CPU
		{4031A33D-753E-4387-A01C-C95D5D06F8C6}.Debug|Any CPU.ActiveCfg = Debug|Any CPU
		{4031A33D-753E-4387-A01C-C95D5D06F8C6}.Debug|Any CPU.Build.0 = Debug|Any CPU
		{4031A33D-753E-4387-A01C-C95D5D06F8C6}.Release|Any CPU.ActiveCfg = Release|Any CPU
		{4031A33D-753E-4387-A01C-C95D5D06F8C6}.Release|Any CPU.Build.0 = Release|Any CPU
		{B347A8A8-47F7-4145-B435-BD86C30A4422}.Debug|Any CPU.ActiveCfg = Debug|Any CPU
		{B347A8A8-47F7-4145-B435-BD86C30A4422}.Debug|Any CPU.Build.0 = Debug|Any CPU
		{B347A8A8-47F7-4145-B435-BD86C30A4422}.Release|Any CPU.ActiveCfg = Release|Any CPU
		{B347A8A8-47F7-4145-B435-BD86C30A4422}.Release|Any CPU.Build.0 = Release|Any CPU
		{56888ABB-B01A-42CE-95F0-39F42521C575}.Debug|Any CPU.ActiveCfg = Debug|Any CPU
		{56888ABB-B01A-42CE-95F0-39F42521C575}.Debug|Any CPU.Build.0 = Debug|Any CPU
		{56888ABB-B01A-42CE-95F0-39F42521C575}.Release|Any CPU.ActiveCfg = Release|Any CPU
		{56888ABB-B01A-42CE-95F0-39F42521C575}.Release|Any CPU.Build.0 = Release|Any CPU
		{177EE315-4D74-4CE0-88FC-374109C5F89B}.Debug|Any CPU.ActiveCfg = Debug|Any CPU
		{177EE315-4D74-4CE0-88FC-374109C5F89B}.Debug|Any CPU.Build.0 = Debug|Any CPU
		{177EE315-4D74-4CE0-88FC-374109C5F89B}.Release|Any CPU.ActiveCfg = Release|Any CPU
		{177EE315-4D74-4CE0-88FC-374109C5F89B}.Release|Any CPU.Build.0 = Release|Any CPU
		{CA7110BC-C07D-43DA-A466-4D346C52C6C3}.Debug|Any CPU.ActiveCfg = Debug|Any CPU
		{CA7110BC-C07D-43DA-A466-4D346C52C6C3}.Debug|Any CPU.Build.0 = Debug|Any CPU
		{CA7110BC-C07D-43DA-A466-4D346C52C6C3}.Release|Any CPU.ActiveCfg = Release|Any CPU
		{CA7110BC-C07D-43DA-A466-4D346C52C6C3}.Release|Any CPU.Build.0 = Release|Any CPU
		{E3341FA2-7CC7-4781-B9C0-66874FECD7BA}.Debug|Any CPU.ActiveCfg = Debug|Any CPU
		{E3341FA2-7CC7-4781-B9C0-66874FECD7BA}.Debug|Any CPU.Build.0 = Debug|Any CPU
		{E3341FA2-7CC7-4781-B9C0-66874FECD7BA}.Release|Any CPU.ActiveCfg = Release|Any CPU
		{E3341FA2-7CC7-4781-B9C0-66874FECD7BA}.Release|Any CPU.Build.0 = Release|Any CPU
	EndGlobalSection
	GlobalSection(SolutionProperties) = preSolution
		HideSolutionNode = FALSE
	EndGlobalSection
	GlobalSection(ExtensibilityGlobals) = postSolution
		SolutionGuid = {2940848E-8306-4D12-9D4A-978954F7C9BC}
	EndGlobalSection
EndGlobal
